
Microsoft Visual Studio Solution File, Format Version 12.00
# Visual Studio Version 16
VisualStudioVersion = 16.0.30523.141
MinimumVisualStudioVersion = 10.0.40219.1
Project("{FAE04EC0-301F-11D3-BF4B-00C04F79EFBC}") = "DroneTestDrive", "DroneTestDrive.csproj", "{C3C9F749-2F9F-4E75-9957-354E0437EFD9}"
EndProject
Project("{FAE04EC0-301F-11D3-BF4B-00C04F79EFBC}") = "DroneDAL", "..\DroneDAL\DroneDAL.csproj", "{B82ADE5B-B93B-4946-B154-84C5E95BBED0}"
EndProject
Global
	GlobalSection(SolutionConfigurationPlatforms) = preSolution
		Debug|Any CPU = Debug|Any CPU
		Release|Any CPU = Release|Any CPU
	EndGlobalSection
	GlobalSection(ProjectConfigurationPlatforms) = postSolution
		{C3C9F749-2F9F-4E75-9957-354E0437EFD9}.Debug|Any CPU.ActiveCfg = Debug|Any CPU
		{C3C9F749-2F9F-4E75-9957-354E0437EFD9}.Debug|Any CPU.Build.0 = Debug|Any CPU
		{C3C9F749-2F9F-4E75-9957-354E0437EFD9}.Release|Any CPU.ActiveCfg = Release|Any CPU
		{C3C9F749-2F9F-4E75-9957-354E0437EFD9}.Release|Any CPU.Build.0 = Release|Any CPU
		{B82ADE5B-B93B-4946-B154-84C5E95BBED0}.Debug|Any CPU.ActiveCfg = Debug|Any CPU
		{B82ADE5B-B93B-4946-B154-84C5E95BBED0}.Debug|Any CPU.Build.0 = Debug|Any CPU
		{B82ADE5B-B93B-4946-B154-84C5E95BBED0}.Release|Any CPU.ActiveCfg = Release|Any CPU
		{B82ADE5B-B93B-4946-B154-84C5E95BBED0}.Release|Any CPU.Build.0 = Release|Any CPU
	EndGlobalSection
	GlobalSection(SolutionProperties) = preSolution
		HideSolutionNode = FALSE
	EndGlobalSection
	GlobalSection(ExtensibilityGlobals) = postSolution
		SolutionGuid = {84499940-DF0E-42F7-B606-A662F1587ADC}
	EndGlobalSection
EndGlobal
