
Microsoft Visual Studio Solution File, Format Version 12.00
# Visual Studio Version 16
VisualStudioVersion = 16.0.31424.327
MinimumVisualStudioVersion = 10.0.40219.1
Project("{FAE04EC0-301F-11D3-BF4B-00C04F79EFBC}") = "CastAndConversionType", "CastAndConversionType.csproj", "{9C0BC380-2E24-4780-A6B3-585579B6C728}"
EndProject
Global
	GlobalSection(SolutionConfigurationPlatforms) = preSolution
		Debug|Any CPU = Debug|Any CPU
		Release|Any CPU = Release|Any CPU
	EndGlobalSection
	GlobalSection(ProjectConfigurationPlatforms) = postSolution
		{9C0BC380-2E24-4780-A6B3-585579B6C728}.Debug|Any CPU.ActiveCfg = Debug|Any CPU
		{9C0BC380-2E24-4780-A6B3-585579B6C728}.Debug|Any CPU.Build.0 = Debug|Any CPU
		{9C0BC380-2E24-4780-A6B3-585579B6C728}.Release|Any CPU.ActiveCfg = Release|Any CPU
		{9C0BC380-2E24-4780-A6B3-585579B6C728}.Release|Any CPU.Build.0 = Release|Any CPU
	EndGlobalSection
	GlobalSection(SolutionProperties) = preSolution
		HideSolutionNode = FALSE
	EndGlobalSection
	GlobalSection(ExtensibilityGlobals) = postSolution
		SolutionGuid = {FB952AC8-EE2F-4E25-A511-43722E93C68D}
	EndGlobalSection
EndGlobal
